
Microsoft Visual Studio Solution File, Format Version 12.00
# Visual Studio Version 17
VisualStudioVersion = 17.8.34511.84
MinimumVisualStudioVersion = 10.0.40219.1
Project("{FAE04EC0-301F-11D3-BF4B-00C04F79EFBC}") = "NotificationMicroservice", "NotificationMicroservice\NotificationMicroservice.csproj", "{7389B974-49AC-44B2-B5C9-6B6ABE8FA7CD}"
EndProject
Project("{FAE04EC0-301F-11D3-BF4B-00C04F79EFBC}") = "NotificationEngine.Receiver", "NotificationEngine.Receiver\NotificationEngine.Receiver.csproj", "{8C8AE69A-C4C3-4410-9CDF-FB0A0B952BFB}"
EndProject
Project("{FAE04EC0-301F-11D3-BF4B-00C04F79EFBC}") = "NotificationEngine.Process", "NotificationEngine.Process\NotificationEngine.Process.csproj", "{DB6CA5C4-8C1B-46EE-8EC1-0B6E1DFB6034}"
EndProject
Global
	GlobalSection(SolutionConfigurationPlatforms) = preSolution
		Debug|Any CPU = Debug|Any CPU
		Release|Any CPU = Release|Any CPU
	EndGlobalSection
	GlobalSection(ProjectConfigurationPlatforms) = postSolution
		{7389B974-49AC-44B2-B5C9-6B6ABE8FA7CD}.Debug|Any CPU.ActiveCfg = Debug|Any CPU
		{7389B974-49AC-44B2-B5C9-6B6ABE8FA7CD}.Debug|Any CPU.Build.0 = Debug|Any CPU
		{7389B974-49AC-44B2-B5C9-6B6ABE8FA7CD}.Release|Any CPU.ActiveCfg = Release|Any CPU
		{7389B974-49AC-44B2-B5C9-6B6ABE8FA7CD}.Release|Any CPU.Build.0 = Release|Any CPU
		{8C8AE69A-C4C3-4410-9CDF-FB0A0B952BFB}.Debug|Any CPU.ActiveCfg = Debug|Any CPU
		{8C8AE69A-C4C3-4410-9CDF-FB0A0B952BFB}.Debug|Any CPU.Build.0 = Debug|Any CPU
		{8C8AE69A-C4C3-4410-9CDF-FB0A0B952BFB}.Release|Any CPU.ActiveCfg = Release|Any CPU
		{8C8AE69A-C4C3-4410-9CDF-FB0A0B952BFB}.Release|Any CPU.Build.0 = Release|Any CPU
		{DB6CA5C4-8C1B-46EE-8EC1-0B6E1DFB6034}.Debug|Any CPU.ActiveCfg = Debug|Any CPU
		{DB6CA5C4-8C1B-46EE-8EC1-0B6E1DFB6034}.Debug|Any CPU.Build.0 = Debug|Any CPU
		{DB6CA5C4-8C1B-46EE-8EC1-0B6E1DFB6034}.Release|Any CPU.ActiveCfg = Release|Any CPU
		{DB6CA5C4-8C1B-46EE-8EC1-0B6E1DFB6034}.Release|Any CPU.Build.0 = Release|Any CPU
	EndGlobalSection
	GlobalSection(SolutionProperties) = preSolution
		HideSolutionNode = FALSE
	EndGlobalSection
	GlobalSection(ExtensibilityGlobals) = postSolution
		SolutionGuid = {159C6A28-2223-4253-84EA-1D6AC596FD10}
	EndGlobalSection
EndGlobal
